<Solution>
  <Project Path="Ejercicio_1/Ejercicio_1.csproj" Id="e6da80cd-0459-421e-ae7b-686a7102b506" />
  <Project Path="Ejercicio_10/Ejercicio_10.csproj" Id="ed515487-03bd-4c0e-afa6-32ec2905d6bd" />
  <Project Path="Ejercicio_11/Ejercicio_11.csproj" Id="f9cbea48-b8af-4fcb-bea2-a0317aef3379" />
  <Project Path="Ejercicio_2/Ejercicio_2.csproj" Id="b661b396-d280-48f0-85b7-4d12786c4f6e" />
  <Project Path="Ejercicio_3/Ejercicio_3.csproj" Id="0337e027-b62c-44d6-9814-38771a54bcc0" />
  <Project Path="Ejercicio_4/Ejercicio_4.csproj" Id="e2c376be-b907-4de4-a6e3-41ab4494178c" />
  <Project Path="Ejercicio_5/Ejercicio_5.csproj" Id="8a6f18d9-fe1c-4d8b-b88b-cb4a729b0953" />
  <Project Path="Ejercicio_6/Ejercicio_6.csproj" Id="bc345999-eb33-46f5-a889-018aaf9181aa" />
  <Project Path="Ejercicio_7/Ejercicio_7.csproj" Id="7d6e5869-373b-4458-bf73-93503a53da58" />
  <Project Path="Ejercicio_8/Ejercicio_8.csproj" Id="dd048174-7203-4b09-8aae-cd1fa516ad42" />
  <Project Path="Ejercicio_9/Ejercicio_9.csproj" Id="3a2ee56b-3839-4f55-954d-6020fd5ef9f9" />
</Solution>
